
Microsoft Visual Studio Solution File, Format Version 12.00
# Visual Studio Version 17
VisualStudioVersion = 17.4.33213.308
MinimumVisualStudioVersion = 10.0.40219.1
Project("{8BC9CEB8-8B4A-11D0-8D11-00A0C91BC942}") = "XM", "XM.vcxproj", "{CB569FE5-3157-4134-B171-6985451530EF}"
EndProject
Project("{8BC9CEB8-8B4A-11D0-8D11-00A0C91BC942}") = "XM_test", "..\XM_test\XM_test.vcxproj", "{57834AF1-6661-4E39-B679-238941E75397}"
EndProject
Global
	GlobalSection(SolutionConfigurationPlatforms) = preSolution
		Debug|x64 = Debug|x64
		Debug|x86 = Debug|x86
		Release|x64 = Release|x64
		Release|x86 = Release|x86
	EndGlobalSection
	GlobalSection(ProjectConfigurationPlatforms) = postSolution
		{CB569FE5-3157-4134-B171-6985451530EF}.Debug|x64.ActiveCfg = Debug|x64
		{CB569FE5-3157-4134-B171-6985451530EF}.Debug|x64.Build.0 = Debug|x64
		{CB569FE5-3157-4134-B171-6985451530EF}.Debug|x86.ActiveCfg = Debug|Win32
		{CB569FE5-3157-4134-B171-6985451530EF}.Debug|x86.Build.0 = Debug|Win32
		{CB569FE5-3157-4134-B171-6985451530EF}.Release|x64.ActiveCfg = Release|x64
		{CB569FE5-3157-4134-B171-6985451530EF}.Release|x64.Build.0 = Release|x64
		{CB569FE5-3157-4134-B171-6985451530EF}.Release|x86.ActiveCfg = Release|Win32
		{CB569FE5-3157-4134-B171-6985451530EF}.Release|x86.Build.0 = Release|Win32
		{57834AF1-6661-4E39-B679-238941E75397}.Debug|x64.ActiveCfg = Debug|x64
		{57834AF1-6661-4E39-B679-238941E75397}.Debug|x64.Build.0 = Debug|x64
		{57834AF1-6661-4E39-B679-238941E75397}.Debug|x86.ActiveCfg = Debug|Win32
		{57834AF1-6661-4E39-B679-238941E75397}.Debug|x86.Build.0 = Debug|Win32
		{57834AF1-6661-4E39-B679-238941E75397}.Release|x64.ActiveCfg = Release|x64
		{57834AF1-6661-4E39-B679-238941E75397}.Release|x64.Build.0 = Release|x64
		{57834AF1-6661-4E39-B679-238941E75397}.Release|x86.ActiveCfg = Release|Win32
		{57834AF1-6661-4E39-B679-238941E75397}.Release|x86.Build.0 = Release|Win32
	EndGlobalSection
	GlobalSection(SolutionProperties) = preSolution
		HideSolutionNode = FALSE
	EndGlobalSection
	GlobalSection(ExtensibilityGlobals) = postSolution
		SolutionGuid = {F6E04BD1-9E5F-4702-BFF0-65AA56053616}
	EndGlobalSection
EndGlobal
